
Microsoft Visual Studio Solution File, Format Version 12.00
# Visual Studio 2013
VisualStudioVersion = 12.0.21005.1
MinimumVisualStudioVersion = 10.0.40219.1
Project("{FAE04EC0-301F-11D3-BF4B-00C04F79EFBC}") = "Inwk.Jobs.Core", "Source\Inwk.Jobs.Core\Inwk.Jobs.Core.csproj", "{B5511CF1-8ABB-4918-BF3B-1B0AFE314CC5}"
EndProject
Project("{FAE04EC0-301F-11D3-BF4B-00C04F79EFBC}") = "Inwk.Jobs.Core.Tests", "Source\Inwk.Jobs.Core.Tests\Inwk.Jobs.Core.Tests.csproj", "{2426AC19-C133-45B3-9BB7-F7D5F30C68DC}"
EndProject
Project("{FAE04EC0-301F-11D3-BF4B-00C04F79EFBC}") = "InvoiceGenerator", "Source\InvoiceGenerator\InvoiceGenerator.csproj", "{3ED17E7F-914E-46FE-B87B-959DA534D6F6}"
EndProject
Global
	GlobalSection(SolutionConfigurationPlatforms) = preSolution
		Debug|Any CPU = Debug|Any CPU
		Release|Any CPU = Release|Any CPU
	EndGlobalSection
	GlobalSection(ProjectConfigurationPlatforms) = postSolution
		{B5511CF1-8ABB-4918-BF3B-1B0AFE314CC5}.Debug|Any CPU.ActiveCfg = Debug|Any CPU
		{B5511CF1-8ABB-4918-BF3B-1B0AFE314CC5}.Debug|Any CPU.Build.0 = Debug|Any CPU
		{B5511CF1-8ABB-4918-BF3B-1B0AFE314CC5}.Release|Any CPU.ActiveCfg = Release|Any CPU
		{B5511CF1-8ABB-4918-BF3B-1B0AFE314CC5}.Release|Any CPU.Build.0 = Release|Any CPU
		{2426AC19-C133-45B3-9BB7-F7D5F30C68DC}.Debug|Any CPU.ActiveCfg = Debug|Any CPU
		{2426AC19-C133-45B3-9BB7-F7D5F30C68DC}.Debug|Any CPU.Build.0 = Debug|Any CPU
		{2426AC19-C133-45B3-9BB7-F7D5F30C68DC}.Release|Any CPU.ActiveCfg = Release|Any CPU
		{2426AC19-C133-45B3-9BB7-F7D5F30C68DC}.Release|Any CPU.Build.0 = Release|Any CPU
		{3ED17E7F-914E-46FE-B87B-959DA534D6F6}.Debug|Any CPU.ActiveCfg = Debug|Any CPU
		{3ED17E7F-914E-46FE-B87B-959DA534D6F6}.Debug|Any CPU.Build.0 = Debug|Any CPU
		{3ED17E7F-914E-46FE-B87B-959DA534D6F6}.Release|Any CPU.ActiveCfg = Release|Any CPU
		{3ED17E7F-914E-46FE-B87B-959DA534D6F6}.Release|Any CPU.Build.0 = Release|Any CPU
	EndGlobalSection
	GlobalSection(SolutionProperties) = preSolution
		HideSolutionNode = FALSE
	EndGlobalSection
EndGlobal
